{
  "name": "100-days-of-productivity",
  "version": "0.0.1-dev",
  "lockfileVersion": 2,
  "requires": true,
  "packages": {
    "": {
      "name": "100-days-of-productivity",
      "version": "0.0.1-dev",
      "dependencies": {
        "@erutidians/auto-dop": "^1.1.4"
      }
    },
    "node_modules/@erutidians/auto-dop": {
      "version": "1.1.4",
      "resolved": "https://registry.npmjs.org/@erutidians/auto-dop/-/auto-dop-1.1.4.tgz",
      "integrity": "sha512-/rNbtVCWx2C/c5Ivxgx7PE0tLg+mv+4gm8eFCRsn/ppCLHvYHN5CWJTvl1lryXp1ob0hfEPl5knwNNOnO7d/IQ=="
    }
  },
  "dependencies": {
    "@erutidians/auto-dop": {
      "version": "1.1.4",
      "resolved": "https://registry.npmjs.org/@erutidians/auto-dop/-/auto-dop-1.1.4.tgz",
      "integrity": "sha512-/rNbtVCWx2C/c5Ivxgx7PE0tLg+mv+4gm8eFCRsn/ppCLHvYHN5CWJTvl1lryXp1ob0hfEPl5knwNNOnO7d/IQ=="
    }
  }
}
